// !$*UTF8*$!
{
	archiveVersion = 1;
	classes = {
	};
	objectVersion = 48;
	objects = {

/* Begin PBXBuildFile section */
		6805BE921FDB2C8A00416AB4 /* SpelerCell.swift in Sources */ = {isa = PBXBuildFile; fileRef = 6805BE911FDB2C8A00416AB4 /* SpelerCell.swift */; };
		6805BE941FDB2CAE00416AB4 /* Speler.swift in Sources */ = {isa = PBXBuildFile; fileRef = 6805BE931FDB2CAE00416AB4 /* Speler.swift */; };
		6805BE981FDB2CC200416AB4 /* Ploeg.swift in Sources */ = {isa = PBXBuildFile; fileRef = 6805BE971FDB2CC200416AB4 /* Ploeg.swift */; };
		6805BE9A1FDB310100416AB4 /* SpelersViewController.swift in Sources */ = {isa = PBXBuildFile; fileRef = 6805BE991FDB310100416AB4 /* SpelersViewController.swift */; };
		6805BE9C1FDB3DCC00416AB4 /* AddSpelerViewController.swift in Sources */ = {isa = PBXBuildFile; fileRef = 6805BE9B1FDB3DCC00416AB4 /* AddSpelerViewController.swift */; };
		6834284A1FB47DE8003BBD1B /* MenuViewController.swift in Sources */ = {isa = PBXBuildFile; fileRef = 683428491FB47DE8003BBD1B /* MenuViewController.swift */; };
		68B984161FD48E9300E863EC /* GoogleService-Info.plist in Resources */ = {isa = PBXBuildFile; fileRef = 68B984151FD48E9300E863EC /* GoogleService-Info.plist */; };
		68B984171FD4927300E863EC /* Assets.xcassets in Resources */ = {isa = PBXBuildFile; fileRef = 681B81FA1FC8B5EE00DF3870 /* Assets.xcassets */; };
		68B984191FD49F2400E863EC /* KaartenViewController.swift in Sources */ = {isa = PBXBuildFile; fileRef = 68B984181FD49F2400E863EC /* KaartenViewController.swift */; };
		68BAA8E11FB3A53D00D22246 /* AppDelegate.swift in Sources */ = {isa = PBXBuildFile; fileRef = 68BAA8E01FB3A53D00D22246 /* AppDelegate.swift */; };
		68BAA8E31FB3A53D00D22246 /* ViewController.swift in Sources */ = {isa = PBXBuildFile; fileRef = 68BAA8E21FB3A53D00D22246 /* ViewController.swift */; };
		68BAA8E61FB3A53D00D22246 /* Main.storyboard in Resources */ = {isa = PBXBuildFile; fileRef = 68BAA8E41FB3A53D00D22246 /* Main.storyboard */; };
		68BAA8EB1FB3A53D00D22246 /* LaunchScreen.storyboard in Resources */ = {isa = PBXBuildFile; fileRef = 68BAA8E91FB3A53D00D22246 /* LaunchScreen.storyboard */; };
		68C3ADFA1FDBE66800CC44D4 /* LoginViewController.swift in Sources */ = {isa = PBXBuildFile; fileRef = 68C3ADF91FDBE66800CC44D4 /* LoginViewController.swift */; };
		68C3ADFE1FDBE6BD00CC44D4 /* AddTeamViewController.swift in Sources */ = {isa = PBXBuildFile; fileRef = 68C3ADFD1FDBE6BD00CC44D4 /* AddTeamViewController.swift */; };
		68C3AE001FDBEAA900CC44D4 /* Kaart.swift in Sources */ = {isa = PBXBuildFile; fileRef = 68C3ADFF1FDBEAA900CC44D4 /* Kaart.swift */; };
		68C3AE021FDBEB0000CC44D4 /* Goal.swift in Sources */ = {isa = PBXBuildFile; fileRef = 68C3AE011FDBEB0000CC44D4 /* Goal.swift */; };
		68C3AE041FDBF19900CC44D4 /* SpelerInfoViewController.swift in Sources */ = {isa = PBXBuildFile; fileRef = 68C3AE031FDBF19900CC44D4 /* SpelerInfoViewController.swift */; };
		68C3AE061FDBF95700CC44D4 /* KaartCell.swift in Sources */ = {isa = PBXBuildFile; fileRef = 68C3AE051FDBF95700CC44D4 /* KaartCell.swift */; };
		FCD5C5480F9326EFFBD1048D /* Pods_AppHOKalken.framework in Frameworks */ = {isa = PBXBuildFile; fileRef = 74C2B2165F845BF51C42014C /* Pods_AppHOKalken.framework */; };
/* End PBXBuildFile section */

/* Begin PBXFileReference section */
		6805BE911FDB2C8A00416AB4 /* SpelerCell.swift */ = {isa = PBXFileReference; lastKnownFileType = sourcecode.swift; path = SpelerCell.swift; sourceTree = "<group>"; };
		6805BE931FDB2CAE00416AB4 /* Speler.swift */ = {isa = PBXFileReference; lastKnownFileType = sourcecode.swift; path = Speler.swift; sourceTree = "<group>"; };
		6805BE971FDB2CC200416AB4 /* Ploeg.swift */ = {isa = PBXFileReference; lastKnownFileType = sourcecode.swift; path = Ploeg.swift; sourceTree = "<group>"; };
		6805BE991FDB310100416AB4 /* SpelersViewController.swift */ = {isa = PBXFileReference; lastKnownFileType = sourcecode.swift; path = SpelersViewController.swift; sourceTree = "<group>"; };
		6805BE9B1FDB3DCC00416AB4 /* AddSpelerViewController.swift */ = {isa = PBXFileReference; lastKnownFileType = sourcecode.swift; path = AddSpelerViewController.swift; sourceTree = "<group>"; };
		681B81FA1FC8B5EE00DF3870 /* Assets.xcassets */ = {isa = PBXFileReference; lastKnownFileType = folder.assetcatalog; name = Assets.xcassets; path = "/Users/ilias/Documents/Cursussen & documenten/iOS/AppHOKalken/AppHOKalken/Assets.xcassets"; sourceTree = "<absolute>"; };
		683428491FB47DE8003BBD1B /* MenuViewController.swift */ = {isa = PBXFileReference; lastKnownFileType = sourcecode.swift; path = MenuViewController.swift; sourceTree = "<group>"; };
		68B984151FD48E9300E863EC /* GoogleService-Info.plist */ = {isa = PBXFileReference; fileEncoding = 4; lastKnownFileType = text.plist.xml; name = "GoogleService-Info.plist"; path = "../../../../Downloads/GoogleService-Info.plist"; sourceTree = "<group>"; };
		68B984181FD49F2400E863EC /* KaartenViewController.swift */ = {isa = PBXFileReference; lastKnownFileType = sourcecode.swift; path = KaartenViewController.swift; sourceTree = "<group>"; };
		68BAA8DD1FB3A53D00D22246 /* AppHOKalken.app */ = {isa = PBXFileReference; explicitFileType = wrapper.application; includeInIndex = 0; path = AppHOKalken.app; sourceTree = BUILT_PRODUCTS_DIR; };
		68BAA8E01FB3A53D00D22246 /* AppDelegate.swift */ = {isa = PBXFileReference; lastKnownFileType = sourcecode.swift; path = AppDelegate.swift; sourceTree = "<group>"; };
		68BAA8E21FB3A53D00D22246 /* ViewController.swift */ = {isa = PBXFileReference; lastKnownFileType = sourcecode.swift; path = ViewController.swift; sourceTree = "<group>"; };
		68BAA8E51FB3A53D00D22246 /* Base */ = {isa = PBXFileReference; lastKnownFileType = file.storyboard; name = Base; path = Base.lproj/Main.storyboard; sourceTree = "<group>"; };
		68BAA8EA1FB3A53D00D22246 /* Base */ = {isa = PBXFileReference; lastKnownFileType = file.storyboard; name = Base; path = Base.lproj/LaunchScreen.storyboard; sourceTree = "<group>"; };
		68BAA8EC1FB3A53D00D22246 /* Info.plist */ = {isa = PBXFileReference; lastKnownFileType = text.plist.xml; path = Info.plist; sourceTree = "<group>"; };
		68C3ADF91FDBE66800CC44D4 /* LoginViewController.swift */ = {isa = PBXFileReference; lastKnownFileType = sourcecode.swift; path = LoginViewController.swift; sourceTree = "<group>"; };
		68C3ADFD1FDBE6BD00CC44D4 /* AddTeamViewController.swift */ = {isa = PBXFileReference; lastKnownFileType = sourcecode.swift; path = AddTeamViewController.swift; sourceTree = "<group>"; };
		68C3ADFF1FDBEAA900CC44D4 /* Kaart.swift */ = {isa = PBXFileReference; lastKnownFileType = sourcecode.swift; path = Kaart.swift; sourceTree = "<group>"; };
		68C3AE011FDBEB0000CC44D4 /* Goal.swift */ = {isa = PBXFileReference; lastKnownFileType = sourcecode.swift; path = Goal.swift; sourceTree = "<group>"; };
		68C3AE031FDBF19900CC44D4 /* SpelerInfoViewController.swift */ = {isa = PBXFileReference; lastKnownFileType = sourcecode.swift; path = SpelerInfoViewController.swift; sourceTree = "<group>"; };
		68C3AE051FDBF95700CC44D4 /* KaartCell.swift */ = {isa = PBXFileReference; lastKnownFileType = sourcecode.swift; path = KaartCell.swift; sourceTree = "<group>"; };
		74C2B2165F845BF51C42014C /* Pods_AppHOKalken.framework */ = {isa = PBXFileReference; explicitFileType = wrapper.framework; includeInIndex = 0; path = Pods_AppHOKalken.framework; sourceTree = BUILT_PRODUCTS_DIR; };
		9D933A1E8CFBE96AA0BC5962 /* Pods-AppHOKalken.debug.xcconfig */ = {isa = PBXFileReference; includeInIndex = 1; lastKnownFileType = text.xcconfig; name = "Pods-AppHOKalken.debug.xcconfig"; path = "Pods/Target Support Files/Pods-AppHOKalken/Pods-AppHOKalken.debug.xcconfig"; sourceTree = "<group>"; };
		B32347B734A82AB4A4C090B6 /* Pods-AppHOKalken.release.xcconfig */ = {isa = PBXFileReference; includeInIndex = 1; lastKnownFileType = text.xcconfig; name = "Pods-AppHOKalken.release.xcconfig"; path = "Pods/Target Support Files/Pods-AppHOKalken/Pods-AppHOKalken.release.xcconfig"; sourceTree = "<group>"; };
/* End PBXFileReference section */

/* Begin PBXFrameworksBuildPhase section */
		68BAA8DA1FB3A53D00D22246 /* Frameworks */ = {
			isa = PBXFrameworksBuildPhase;
			buildActionMask = 2147483647;
			files = (
				FCD5C5480F9326EFFBD1048D /* Pods_AppHOKalken.framework in Frameworks */,
			);
			runOnlyForDeploymentPostprocessing = 0;
		};
/* End PBXFrameworksBuildPhase section */

/* Begin PBXGroup section */
		090E6F6325C76F2E44C31128 /* Frameworks */ = {
			isa = PBXGroup;
			children = (
				74C2B2165F845BF51C42014C /* Pods_AppHOKalken.framework */,
			);
			name = Frameworks;
			sourceTree = "<group>";
		};
		6805BE901FDB2C7D00416AB4 /* Views */ = {
			isa = PBXGroup;
			children = (
				6805BE911FDB2C8A00416AB4 /* SpelerCell.swift */,
				68C3AE051FDBF95700CC44D4 /* KaartCell.swift */,
			);
			path = Views;
			sourceTree = "<group>";
		};
		683428471FB47DD0003BBD1B /* ViewControllers */ = {
			isa = PBXGroup;
			children = (
				683428491FB47DE8003BBD1B /* MenuViewController.swift */,
				68B984181FD49F2400E863EC /* KaartenViewController.swift */,
				6805BE991FDB310100416AB4 /* SpelersViewController.swift */,
				6805BE9B1FDB3DCC00416AB4 /* AddSpelerViewController.swift */,
				68C3ADF91FDBE66800CC44D4 /* LoginViewController.swift */,
				68C3ADFD1FDBE6BD00CC44D4 /* AddTeamViewController.swift */,
				68C3AE031FDBF19900CC44D4 /* SpelerInfoViewController.swift */,
			);
			path = ViewControllers;
			sourceTree = "<group>";
		};
		683428481FB47DD7003BBD1B /* Model */ = {
			isa = PBXGroup;
			children = (
				6805BE931FDB2CAE00416AB4 /* Speler.swift */,
				6805BE971FDB2CC200416AB4 /* Ploeg.swift */,
				68C3ADFF1FDBEAA900CC44D4 /* Kaart.swift */,
				68C3AE011FDBEB0000CC44D4 /* Goal.swift */,
			);
			path = Model;
			sourceTree = "<group>";
		};
		68BAA8D41FB3A53D00D22246 = {
			isa = PBXGroup;
			children = (
				68B984151FD48E9300E863EC /* GoogleService-Info.plist */,
				68BAA8DF1FB3A53D00D22246 /* AppHOKalken */,
				68BAA8DE1FB3A53D00D22246 /* Products */,
				6D1465BE638F11A5AB52FC42 /* Pods */,
				090E6F6325C76F2E44C31128 /* Frameworks */,
			);
			sourceTree = "<group>";
		};
		68BAA8DE1FB3A53D00D22246 /* Products */ = {
			isa = PBXGroup;
			children = (
				68BAA8DD1FB3A53D00D22246 /* AppHOKalken.app */,
			);
			name = Products;
			sourceTree = "<group>";
		};
		68BAA8DF1FB3A53D00D22246 /* AppHOKalken */ = {
			isa = PBXGroup;
			children = (
				6805BE901FDB2C7D00416AB4 /* Views */,
				683428481FB47DD7003BBD1B /* Model */,
				683428471FB47DD0003BBD1B /* ViewControllers */,
				68BAA8E01FB3A53D00D22246 /* AppDelegate.swift */,
				68BAA8EC1FB3A53D00D22246 /* Info.plist */,
				681B81FA1FC8B5EE00DF3870 /* Assets.xcassets */,
				68BAA8E91FB3A53D00D22246 /* LaunchScreen.storyboard */,
				68BAA8E41FB3A53D00D22246 /* Main.storyboard */,
				68BAA8E21FB3A53D00D22246 /* ViewController.swift */,
			);
			path = AppHOKalken;
			sourceTree = "<group>";
		};
		6D1465BE638F11A5AB52FC42 /* Pods */ = {
			isa = PBXGroup;
			children = (
				9D933A1E8CFBE96AA0BC5962 /* Pods-AppHOKalken.debug.xcconfig */,
				B32347B734A82AB4A4C090B6 /* Pods-AppHOKalken.release.xcconfig */,
			);
			name = Pods;
			sourceTree = "<group>";
		};
/* End PBXGroup section */

/* Begin PBXNativeTarget section */
		68BAA8DC1FB3A53D00D22246 /* AppHOKalken */ = {
			isa = PBXNativeTarget;
			buildConfigurationList = 68BAA8EF1FB3A53D00D22246 /* Build configuration list for PBXNativeTarget "AppHOKalken" */;
			buildPhases = (
				3B393B4C6D3FB311384BFF61 /* [CP] Check Pods Manifest.lock */,
				68BAA8D91FB3A53D00D22246 /* Sources */,
				68BAA8DA1FB3A53D00D22246 /* Frameworks */,
				68BAA8DB1FB3A53D00D22246 /* Resources */,
				4BAD9371F18FC7EA41B5A7E6 /* [CP] Embed Pods Frameworks */,
				0C669EE5E5FC397F4C5C701A /* [CP] Copy Pods Resources */,
			);
			buildRules = (
			);
			dependencies = (
			);
			name = AppHOKalken;
			productName = AppHOKalken;
			productReference = 68BAA8DD1FB3A53D00D22246 /* AppHOKalken.app */;
			productType = "com.apple.product-type.application";
		};
/* End PBXNativeTarget section */

/* Begin PBXProject section */
		68BAA8D51FB3A53D00D22246 /* Project object */ = {
			isa = PBXProject;
			attributes = {
				LastSwiftUpdateCheck = 0910;
				LastUpgradeCheck = 0910;
				ORGANIZATIONNAME = "Ilias Van Wassenhove";
				TargetAttributes = {
					68BAA8DC1FB3A53D00D22246 = {
						CreatedOnToolsVersion = 9.1;
						ProvisioningStyle = Manual;
					};
				};
			};
			buildConfigurationList = 68BAA8D81FB3A53D00D22246 /* Build configuration list for PBXProject "AppHOKalken" */;
			compatibilityVersion = "Xcode 8.0";
			developmentRegion = en;
			hasScannedForEncodings = 0;
			knownRegions = (
				en,
				Base,
			);
			mainGroup = 68BAA8D41FB3A53D00D22246;
			productRefGroup = 68BAA8DE1FB3A53D00D22246 /* Products */;
			projectDirPath = "";
			projectRoot = "";
			targets = (
				68BAA8DC1FB3A53D00D22246 /* AppHOKalken */,
			);
		};
/* End PBXProject section */

/* Begin PBXResourcesBuildPhase section */
		68BAA8DB1FB3A53D00D22246 /* Resources */ = {
			isa = PBXResourcesBuildPhase;
			buildActionMask = 2147483647;
			files = (
				68B984171FD4927300E863EC /* Assets.xcassets in Resources */,
				68BAA8EB1FB3A53D00D22246 /* LaunchScreen.storyboard in Resources */,
				68BAA8E61FB3A53D00D22246 /* Main.storyboard in Resources */,
				68B984161FD48E9300E863EC /* GoogleService-Info.plist in Resources */,
			);
			runOnlyForDeploymentPostprocessing = 0;
		};
/* End PBXResourcesBuildPhase section */

/* Begin PBXShellScriptBuildPhase section */
		0C669EE5E5FC397F4C5C701A /* [CP] Copy Pods Resources */ = {
			isa = PBXShellScriptBuildPhase;
			buildActionMask = 2147483647;
			files = (
			);
			inputPaths = (
			);
			name = "[CP] Copy Pods Resources";
			outputPaths = (
			);
			runOnlyForDeploymentPostprocessing = 0;
			shellPath = /bin/sh;
			shellScript = "\"${SRCROOT}/Pods/Target Support Files/Pods-AppHOKalken/Pods-AppHOKalken-resources.sh\"\n";
			showEnvVarsInLog = 0;
		};
		3B393B4C6D3FB311384BFF61 /* [CP] Check Pods Manifest.lock */ = {
			isa = PBXShellScriptBuildPhase;
			buildActionMask = 2147483647;
			files = (
			);
			inputPaths = (
				"${PODS_PODFILE_DIR_PATH}/Podfile.lock",
				"${PODS_ROOT}/Manifest.lock",
			);
			name = "[CP] Check Pods Manifest.lock";
			outputPaths = (
				"$(DERIVED_FILE_DIR)/Pods-AppHOKalken-checkManifestLockResult.txt",
			);
			runOnlyForDeploymentPostprocessing = 0;
			shellPath = /bin/sh;
			shellScript = "diff \"${PODS_PODFILE_DIR_PATH}/Podfile.lock\" \"${PODS_ROOT}/Manifest.lock\" > /dev/null\nif [ $? != 0 ] ; then\n    # print error to STDERR\n    echo \"error: The sandbox is not in sync with the Podfile.lock. Run 'pod install' or update your CocoaPods installation.\" >&2\n    exit 1\nfi\n# This output is used by Xcode 'outputs' to avoid re-running this script phase.\necho \"SUCCESS\" > \"${SCRIPT_OUTPUT_FILE_0}\"\n";
			showEnvVarsInLog = 0;
		};
		4BAD9371F18FC7EA41B5A7E6 /* [CP] Embed Pods Frameworks */ = {
			isa = PBXShellScriptBuildPhase;
			buildActionMask = 2147483647;
			files = (
			);
			inputPaths = (
				"${SRCROOT}/Pods/Target Support Files/Pods-AppHOKalken/Pods-AppHOKalken-frameworks.sh",
				"${BUILT_PRODUCTS_DIR}/GoogleToolboxForMac/GoogleToolboxForMac.framework",
				"${BUILT_PRODUCTS_DIR}/nanopb/nanopb.framework",
			);
			name = "[CP] Embed Pods Frameworks";
			outputPaths = (
				"${TARGET_BUILD_DIR}/${FRAMEWORKS_FOLDER_PATH}/GoogleToolboxForMac.framework",
				"${TARGET_BUILD_DIR}/${FRAMEWORKS_FOLDER_PATH}/nanopb.framework",
			);
			runOnlyForDeploymentPostprocessing = 0;
			shellPath = /bin/sh;
			shellScript = "\"${SRCROOT}/Pods/Target Support Files/Pods-AppHOKalken/Pods-AppHOKalken-frameworks.sh\"\n";
			showEnvVarsInLog = 0;
		};
/* End PBXShellScriptBuildPhase section */

/* Begin PBXSourcesBuildPhase section */
		68BAA8D91FB3A53D00D22246 /* Sources */ = {
			isa = PBXSourcesBuildPhase;
			buildActionMask = 2147483647;
			files = (
				6805BE9C1FDB3DCC00416AB4 /* AddSpelerViewController.swift in Sources */,
				68C3AE041FDBF19900CC44D4 /* SpelerInfoViewController.swift in Sources */,
				68BAA8E31FB3A53D00D22246 /* ViewController.swift in Sources */,
				68C3ADFE1FDBE6BD00CC44D4 /* AddTeamViewController.swift in Sources */,
				6834284A1FB47DE8003BBD1B /* MenuViewController.swift in Sources */,
				6805BE941FDB2CAE00416AB4 /* Speler.swift in Sources */,
				6805BE9A1FDB310100416AB4 /* SpelersViewController.swift in Sources */,
				68BAA8E11FB3A53D00D22246 /* AppDelegate.swift in Sources */,
				68B984191FD49F2400E863EC /* KaartenViewController.swift in Sources */,
				68C3AE021FDBEB0000CC44D4 /* Goal.swift in Sources */,
				6805BE921FDB2C8A00416AB4 /* SpelerCell.swift in Sources */,
				68C3AE001FDBEAA900CC44D4 /* Kaart.swift in Sources */,
				68C3ADFA1FDBE66800CC44D4 /* LoginViewController.swift in Sources */,
				68C3AE061FDBF95700CC44D4 /* KaartCell.swift in Sources */,
				6805BE981FDB2CC200416AB4 /* Ploeg.swift in Sources */,
			);
			runOnlyForDeploymentPostprocessing = 0;
		};
/* End PBXSourcesBuildPhase section */

/* Begin PBXVariantGroup section */
		68BAA8E41FB3A53D00D22246 /* Main.storyboard */ = {
			isa = PBXVariantGroup;
			children = (
				68BAA8E51FB3A53D00D22246 /* Base */,
			);
			name = Main.storyboard;
			sourceTree = "<group>";
		};
		68BAA8E91FB3A53D00D22246 /* LaunchScreen.storyboard */ = {
			isa = PBXVariantGroup;
			children = (
				68BAA8EA1FB3A53D00D22246 /* Base */,
			);
			name = LaunchScreen.storyboard;
			sourceTree = "<group>";
		};
/* End PBXVariantGroup section */

/* Begin XCBuildConfiguration section */
		68BAA8ED1FB3A53D00D22246 /* Debug */ = {
			isa = XCBuildConfiguration;
			buildSettings = {
				ALWAYS_SEARCH_USER_PATHS = NO;
				CLANG_ANALYZER_NONNULL = YES;
				CLANG_ANALYZER_NUMBER_OBJECT_CONVERSION = YES_AGGRESSIVE;
				CLANG_CXX_LANGUAGE_STANDARD = "gnu++14";
				CLANG_CXX_LIBRARY = "libc++";
				CLANG_ENABLE_MODULES = YES;
				CLANG_ENABLE_OBJC_ARC = YES;
				CLANG_WARN_BLOCK_CAPTURE_AUTORELEASING = YES;
				CLANG_WARN_BOOL_CONVERSION = YES;
				CLANG_WARN_COMMA = YES;
				CLANG_WARN_CONSTANT_CONVERSION = YES;
				CLANG_WARN_DIRECT_OBJC_ISA_USAGE = YES_ERROR;
				CLANG_WARN_DOCUMENTATION_COMMENTS = YES;
				CLANG_WARN_EMPTY_BODY = YES;
				CLANG_WARN_ENUM_CONVERSION = YES;
				CLANG_WARN_INFINITE_RECURSION = YES;
				CLANG_WARN_INT_CONVERSION = YES;
				CLANG_WARN_NON_LITERAL_NULL_CONVERSION = YES;
				CLANG_WARN_OBJC_LITERAL_CONVERSION = YES;
				CLANG_WARN_OBJC_ROOT_CLASS = YES_ERROR;
				CLANG_WARN_RANGE_LOOP_ANALYSIS = YES;
				CLANG_WARN_STRICT_PROTOTYPES = YES;
				CLANG_WARN_SUSPICIOUS_MOVE = YES;
				CLANG_WARN_UNGUARDED_AVAILABILITY = YES_AGGRESSIVE;
				CLANG_WARN_UNREACHABLE_CODE = YES;
				CLANG_WARN__DUPLICATE_METHOD_MATCH = YES;
				CODE_SIGN_IDENTITY = "iPhone Developer";
				COPY_PHASE_STRIP = NO;
				DEBUG_INFORMATION_FORMAT = dwarf;
				ENABLE_STRICT_OBJC_MSGSEND = YES;
				ENABLE_TESTABILITY = YES;
				GCC_C_LANGUAGE_STANDARD = gnu11;
				GCC_DYNAMIC_NO_PIC = NO;
				GCC_NO_COMMON_BLOCKS = YES;
				GCC_OPTIMIZATION_LEVEL = 0;
				GCC_PREPROCESSOR_DEFINITIONS = (
					"DEBUG=1",
					"$(inherited)",
				);
				GCC_WARN_64_TO_32_BIT_CONVERSION = YES;
				GCC_WARN_ABOUT_RETURN_TYPE = YES_ERROR;
				GCC_WARN_UNDECLARED_SELECTOR = YES;
				GCC_WARN_UNINITIALIZED_AUTOS = YES_AGGRESSIVE;
				GCC_WARN_UNUSED_FUNCTION = YES;
				GCC_WARN_UNUSED_VARIABLE = YES;
				IPHONEOS_DEPLOYMENT_TARGET = 11.1;
				MTL_ENABLE_DEBUG_INFO = YES;
				ONLY_ACTIVE_ARCH = YES;
				SDKROOT = iphoneos;
				SWIFT_ACTIVE_COMPILATION_CONDITIONS = DEBUG;
				SWIFT_OPTIMIZATION_LEVEL = "-Onone";
			};
			name = Debug;
		};
		68BAA8EE1FB3A53D00D22246 /* Release */ = {
			isa = XCBuildConfiguration;
			buildSettings = {
				ALWAYS_SEARCH_USER_PATHS = NO;
				CLANG_ANALYZER_NONNULL = YES;
				CLANG_ANALYZER_NUMBER_OBJECT_CONVERSION = YES_AGGRESSIVE;
				CLANG_CXX_LANGUAGE_STANDARD = "gnu++14";
				CLANG_CXX_LIBRARY = "libc++";
				CLANG_ENABLE_MODULES = YES;
				CLANG_ENABLE_OBJC_ARC = YES;
				CLANG_WARN_BLOCK_CAPTURE_AUTORELEASING = YES;
				CLANG_WARN_BOOL_CONVERSION = YES;
				CLANG_WARN_COMMA = YES;
				CLANG_WARN_CONSTANT_CONVERSION = YES;
				CLANG_WARN_DIRECT_OBJC_ISA_USAGE = YES_ERROR;
				CLANG_WARN_DOCUMENTATION_COMMENTS = YES;
				CLANG_WARN_EMPTY_BODY = YES;
				CLANG_WARN_ENUM_CONVERSION = YES;
				CLANG_WARN_INFINITE_RECURSION = YES;
				CLANG_WARN_INT_CONVERSION = YES;
				CLANG_WARN_NON_LITERAL_NULL_CONVERSION = YES;
				CLANG_WARN_OBJC_LITERAL_CONVERSION = YES;
				CLANG_WARN_OBJC_ROOT_CLASS = YES_ERROR;
				CLANG_WARN_RANGE_LOOP_ANALYSIS = YES;
				CLANG_WARN_STRICT_PROTOTYPES = YES;
				CLANG_WARN_SUSPICIOUS_MOVE = YES;
				CLANG_WARN_UNGUARDED_AVAILABILITY = YES_AGGRESSIVE;
				CLANG_WARN_UNREACHABLE_CODE = YES;
				CLANG_WARN__DUPLICATE_METHOD_MATCH = YES;
				CODE_SIGN_IDENTITY = "iPhone Developer";
				COPY_PHASE_STRIP = NO;
				DEBUG_INFORMATION_FORMAT = "dwarf-with-dsym";
				ENABLE_NS_ASSERTIONS = NO;
				ENABLE_STRICT_OBJC_MSGSEND = YES;
				GCC_C_LANGUAGE_STANDARD = gnu11;
				GCC_NO_COMMON_BLOCKS = YES;
				GCC_WARN_64_TO_32_BIT_CONVERSION = YES;
				GCC_WARN_ABOUT_RETURN_TYPE = YES_ERROR;
				GCC_WARN_UNDECLARED_SELECTOR = YES;
				GCC_WARN_UNINITIALIZED_AUTOS = YES_AGGRESSIVE;
				GCC_WARN_UNUSED_FUNCTION = YES;
				GCC_WARN_UNUSED_VARIABLE = YES;
				IPHONEOS_DEPLOYMENT_TARGET = 11.1;
				MTL_ENABLE_DEBUG_INFO = NO;
				SDKROOT = iphoneos;
				SWIFT_OPTIMIZATION_LEVEL = "-Owholemodule";
				VALIDATE_PRODUCT = YES;
			};
			name = Release;
		};
		68BAA8F01FB3A53D00D22246 /* Debug */ = {
			isa = XCBuildConfiguration;
			baseConfigurationReference = 9D933A1E8CFBE96AA0BC5962 /* Pods-AppHOKalken.debug.xcconfig */;
			buildSettings = {
				ASSETCATALOG_COMPILER_APPICON_NAME = AppIcon;
				"CODE_SIGN_IDENTITY[sdk=iphoneos*]" = "iPhone Developer";
				CODE_SIGN_STYLE = Manual;
				DEVELOPMENT_TEAM = "";
				INFOPLIST_FILE = AppHOKalken/Info.plist;
				LD_RUNPATH_SEARCH_PATHS = "$(inherited) @executable_path/Frameworks";
				PRODUCT_BUNDLE_IDENTIFIER = be.ivanwassenhove.AppHOKalken;
				PRODUCT_NAME = "$(TARGET_NAME)";
				PROVISIONING_PROFILE_SPECIFIER = "";
				SWIFT_VERSION = 4.0;
				TARGETED_DEVICE_FAMILY = "1,2";
			};
			name = Debug;
		};
		68BAA8F11FB3A53D00D22246 /* Release */ = {
			isa = XCBuildConfiguration;
			baseConfigurationReference = B32347B734A82AB4A4C090B6 /* Pods-AppHOKalken.release.xcconfig */;
			buildSettings = {
				ASSETCATALOG_COMPILER_APPICON_NAME = AppIcon;
				"CODE_SIGN_IDENTITY[sdk=iphoneos*]" = "iPhone Developer";
				CODE_SIGN_STYLE = Manual;
				DEVELOPMENT_TEAM = "";
				INFOPLIST_FILE = AppHOKalken/Info.plist;
				LD_RUNPATH_SEARCH_PATHS = "$(inherited) @executable_path/Frameworks";
				PRODUCT_BUNDLE_IDENTIFIER = be.ivanwassenhove.AppHOKalken;
				PRODUCT_NAME = "$(TARGET_NAME)";
				PROVISIONING_PROFILE_SPECIFIER = "";
				SWIFT_VERSION = 4.0;
				TARGETED_DEVICE_FAMILY = "1,2";
			};
			name = Release;
		};
/* End XCBuildConfiguration section */

/* Begin XCConfigurationList section */
		68BAA8D81FB3A53D00D22246 /* Build configuration list for PBXProject "AppHOKalken" */ = {
			isa = XCConfigurationList;
			buildConfigurations = (
				68BAA8ED1FB3A53D00D22246 /* Debug */,
				68BAA8EE1FB3A53D00D22246 /* Release */,
			);
			defaultConfigurationIsVisible = 0;
			defaultConfigurationName = Release;
		};
		68BAA8EF1FB3A53D00D22246 /* Build configuration list for PBXNativeTarget "AppHOKalken" */ = {
			isa = XCConfigurationList;
			buildConfigurations = (
				68BAA8F01FB3A53D00D22246 /* Debug */,
				68BAA8F11FB3A53D00D22246 /* Release */,
			);
			defaultConfigurationIsVisible = 0;
			defaultConfigurationName = Release;
		};
/* End XCConfigurationList section */
	};
	rootObject = 68BAA8D51FB3A53D00D22246 /* Project object */;
}
